<?xml version="1.0" encoding="utf-8"?>
<Project ToolsVersion="4.0" xmlns="http://schemas.microsoft.com/developer/msbuild/2003">
  <ItemGroup>
    <Filter Include="Resource Files">
      <UniqueIdentifier>{67DA6AB6-F800-4c08-8B7A-83BB121AAD01}</UniqueIdentifier>
      <Extensions>rc;ico;cur;bmp;dlg;rc2;rct;bin;rgs;gif;jpg;jpeg;jpe;resx;tiff;tif;png;wav;mfcribbon-ms</Extensions>
    </Filter>
    <Filter Include="Source Files">
      <UniqueIdentifier>{eb1a89b4-b916-4131-9002-a411b9dfe419}</UniqueIdentifier>
    </Filter>
    <Filter Include="Header Files">
      <UniqueIdentifier>{3dffad18-9d54-45b9-8eb1-befe3e820251}</UniqueIdentifier>
    </Filter>
  </ItemGroup>
  <ItemGroup>
    <ClInclude Include="include\aimenu.h">
      <Filter>Header Files</Filter>
    </ClInclude>
    <ClInclude Include="include\CGP.h">
      <Filter>Header Files</Filter>
    </ClInclude>
    <ClInclude Include="include\CGPLearning.h">
      <Filter>Header Files</Filter>
    </ClInclude>
    <ClInclude Include="include\CGPSimulation.h">
      <Filter>Header Files</Filter>
    </ClInclude>
    <ClInclude Include="include\config.h">
      <Filter>Header Files</Filter>
    </ClInclude>
    <ClInclude Include="include\Jedinka.h">
      <Filter>Header Files</Filter>
    </ClInclude>
    <ClInclude Include="include\main.h">
      <Filter>Header Files</Filter>
    </ClInclude>
    <ClInclude Include="include\mainmenu.h">
      <Filter>Header Files</Filter>
    </ClInclude>
    <ClInclude Include="include\neuralnetwork.h">
      <Filter>Header Files</Filter>
    </ClInclude>
    <ClInclude Include="include\NNLearning.h">
      <Filter>Header Files</Filter>
    </ClInclude>
    <ClInclude Include="include\NNSimulation.h">
      <Filter>Header Files</Filter>
    </ClInclude>
    <ClInclude Include="include\playmenu.h">
      <Filter>Header Files</Filter>
    </ClInclude>
    <ClInclude Include="include\raceSimulator.h">
      <Filter>Header Files</Filter>
    </ClInclude>
    <ClInclude Include="include\Screen.h">
      <Filter>Header Files</Filter>
    </ClInclude>
    <ClInclude Include="include\screens.h">
      <Filter>Header Files</Filter>
    </ClInclude>
    <ClInclude Include="include\simulator.h">
      <Filter>Header Files</Filter>
    </ClInclude>
    <ClInclude Include="include\storage.h">
      <Filter>Header Files</Filter>
    </ClInclude>
    <ClInclude Include="include\TwoPlayersSimulation.h">
      <Filter>Header Files</Filter>
    </ClInclude>
    <ClInclude Include="include\UserSimulation.h">
      <Filter>Header Files</Filter>
    </ClInclude>
    <ClInclude Include="include\UserVsCGPSimulation.h">
      <Filter>Header Files</Filter>
    </ClInclude>
    <ClInclude Include="include\UserVsNNSimulation.h">
      <Filter>Header Files</Filter>
    </ClInclude>
  </ItemGroup>
  <ItemGroup>
    <ClCompile Include="src\aimenu.cpp">
      <Filter>Source Files</Filter>
    </ClCompile>
    <ClCompile Include="src\CGP.cpp">
      <Filter>Source Files</Filter>
    </ClCompile>
    <ClCompile Include="src\CGPLearning.cpp">
      <Filter>Source Files</Filter>
    </ClCompile>
    <ClCompile Include="src\CGPSimulation.cpp">
      <Filter>Source Files</Filter>
    </ClCompile>
    <ClCompile Include="src\config.cpp">
      <Filter>Source Files</Filter>
    </ClCompile>
    <ClCompile Include="src\main.cpp">
      <Filter>Source Files</Filter>
    </ClCompile>
    <ClCompile Include="src\mainmenu.cpp">
      <Filter>Source Files</Filter>
    </ClCompile>
    <ClCompile Include="src\neuralnetwork.cpp">
      <Filter>Source Files</Filter>
    </ClCompile>
    <ClCompile Include="src\NNLearning.cpp">
      <Filter>Source Files</Filter>
    </ClCompile>
    <ClCompile Include="src\NNSimulation.cpp">
      <Filter>Source Files</Filter>
    </ClCompile>
    <ClCompile Include="src\playmenu.cpp">
      <Filter>Source Files</Filter>
    </ClCompile>
    <ClCompile Include="src\raceSimulator.cpp">
      <Filter>Source Files</Filter>
    </ClCompile>
    <ClCompile Include="src\simulator.cpp">
      <Filter>Source Files</Filter>
    </ClCompile>
    <ClCompile Include="src\start.cpp">
      <Filter>Source Files</Filter>
    </ClCompile>
    <ClCompile Include="src\storage.cpp">
      <Filter>Source Files</Filter>
    </ClCompile>
    <ClCompile Include="src\TwoPlayersSimulation.cpp">
      <Filter>Source Files</Filter>
    </ClCompile>
    <ClCompile Include="src\UserSimulation.cpp">
      <Filter>Source Files</Filter>
    </ClCompile>
    <ClCompile Include="src\UserVsCGPSimulation.cpp">
      <Filter>Source Files</Filter>
    </ClCompile>
    <ClCompile Include="src\UserVsNNSimulation.cpp">
      <Filter>Source Files</Filter>
    </ClCompile>
  </ItemGroup>
</Project>